
Microsoft Visual Studio Solution File, Format Version 12.00
# Visual Studio Version 16
VisualStudioVersion = 16.0.29709.97
MinimumVisualStudioVersion = 10.0.40219.1
Project("{9A19103F-16F7-4668-BE54-9A1E7A4F7556}") = "Web", "Web\Web.csproj", "{71019F2A-3B46-4F1D-96F0-7542523752DC}"
EndProject
Project("{9A19103F-16F7-4668-BE54-9A1E7A4F7556}") = "Data", "Data\Data.csproj", "{A64AD721-2A06-4DB7-B82C-F4C519CF5F55}"
EndProject
Project("{9A19103F-16F7-4668-BE54-9A1E7A4F7556}") = "Service", "Service\Service.csproj", "{12C4C258-7F7D-46B3-B4EE-95D8379BF2A2}"
EndProject
Project("{FAE04EC0-301F-11D3-BF4B-00C04F79EFBC}") = "ClaimsManagementTests", "ClaimsManagementTests\ClaimsManagementTests.csproj", "{01111B33-25C1-4725-BE50-616CC2FBEFAC}"
EndProject
Global
	GlobalSection(SolutionConfigurationPlatforms) = preSolution
		Debug|Any CPU = Debug|Any CPU
		Release|Any CPU = Release|Any CPU
	EndGlobalSection
	GlobalSection(ProjectConfigurationPlatforms) = postSolution
		{71019F2A-3B46-4F1D-96F0-7542523752DC}.Debug|Any CPU.ActiveCfg = Debug|Any CPU
		{71019F2A-3B46-4F1D-96F0-7542523752DC}.Debug|Any CPU.Build.0 = Debug|Any CPU
		{71019F2A-3B46-4F1D-96F0-7542523752DC}.Release|Any CPU.ActiveCfg = Release|Any CPU
		{71019F2A-3B46-4F1D-96F0-7542523752DC}.Release|Any CPU.Build.0 = Release|Any CPU
		{A64AD721-2A06-4DB7-B82C-F4C519CF5F55}.Debug|Any CPU.ActiveCfg = Debug|Any CPU
		{A64AD721-2A06-4DB7-B82C-F4C519CF5F55}.Debug|Any CPU.Build.0 = Debug|Any CPU
		{A64AD721-2A06-4DB7-B82C-F4C519CF5F55}.Release|Any CPU.ActiveCfg = Release|Any CPU
		{A64AD721-2A06-4DB7-B82C-F4C519CF5F55}.Release|Any CPU.Build.0 = Release|Any CPU
		{12C4C258-7F7D-46B3-B4EE-95D8379BF2A2}.Debug|Any CPU.ActiveCfg = Debug|Any CPU
		{12C4C258-7F7D-46B3-B4EE-95D8379BF2A2}.Debug|Any CPU.Build.0 = Debug|Any CPU
		{12C4C258-7F7D-46B3-B4EE-95D8379BF2A2}.Release|Any CPU.ActiveCfg = Release|Any CPU
		{12C4C258-7F7D-46B3-B4EE-95D8379BF2A2}.Release|Any CPU.Build.0 = Release|Any CPU
		{01111B33-25C1-4725-BE50-616CC2FBEFAC}.Debug|Any CPU.ActiveCfg = Debug|Any CPU
		{01111B33-25C1-4725-BE50-616CC2FBEFAC}.Debug|Any CPU.Build.0 = Debug|Any CPU
		{01111B33-25C1-4725-BE50-616CC2FBEFAC}.Release|Any CPU.ActiveCfg = Release|Any CPU
		{01111B33-25C1-4725-BE50-616CC2FBEFAC}.Release|Any CPU.Build.0 = Release|Any CPU
	EndGlobalSection
	GlobalSection(SolutionProperties) = preSolution
		HideSolutionNode = FALSE
	EndGlobalSection
	GlobalSection(ExtensibilityGlobals) = postSolution
		SolutionGuid = {D805FB23-9D10-47CD-80FE-B512F8400A2B}
	EndGlobalSection
EndGlobal
